github.com/ava-labs/avalanchego v1.12.0-initial-poc.9.0.20241125192703-8c538e65af03 h1:KH4cxo+607h+6+5L57aJEzWqH2R+jQY2DI9fO2NmZgE=
github.com/ava-labs/avalanchego v1.12.0-initial-poc.9.0.20241125192703-8c538e65af03/go.mod h1:yhD5dpZyStIVbxQ550EDi5w5SL7DQ/xGE6TIxosb7U0=
github.com/ava-labs/coreth v0.13.9-rc.1 h1:qIICpC/OZGYUP37QnLgIqqwGmxnLwLpZaUlqJNI85vU=
github.com/ava-labs/coreth v0.13.9-rc.1/go.mod h1:7aMsRIo/3GBE44qWZMjnfqdqfcfZ5yShTTm2LObLaYo=
github.com/ava-labs/subnet-evm v0.6.13-0.20241120134850-5853b9cf5e01 h1:41Rs+9iNmtNGa+34bfZNnMHD9dtbY/v81h6mXzrh+qQ=
github.com/ava-labs/subnet-evm v0.6.13-0.20241120134850-5853b9cf5e01/go.mod h1:vffwL4UqAh7ibpWjveUuUhamm3a9w75q92bG5vXdX5k=
